
Microsoft Visual Studio Solution File, Format Version 12.00
# Visual Studio 15
VisualStudioVersion = 15.0.27004.2010
MinimumVisualStudioVersion = 10.0.40219.1
Project("{FAE04EC0-301F-11D3-BF4B-00C04F79EFBC}") = "CourseProject", "CourseProject\CourseProject.csproj", "{7D4465EC-90FD-4A1D-828D-9CD21A94622B}"
EndProject
Global
	GlobalSection(SolutionConfigurationPlatforms) = preSolution
		Debug|Any CPU = Debug|Any CPU
		Release|Any CPU = Release|Any CPU
	EndGlobalSection
	GlobalSection(ProjectConfigurationPlatforms) = postSolution
		{7D4465EC-90FD-4A1D-828D-9CD21A94622B}.Debug|Any CPU.ActiveCfg = Debug|Any CPU
		{7D4465EC-90FD-4A1D-828D-9CD21A94622B}.Debug|Any CPU.Build.0 = Debug|Any CPU
		{7D4465EC-90FD-4A1D-828D-9CD21A94622B}.Release|Any CPU.ActiveCfg = Release|Any CPU
		{7D4465EC-90FD-4A1D-828D-9CD21A94622B}.Release|Any CPU.Build.0 = Release|Any CPU
	EndGlobalSection
	GlobalSection(SolutionProperties) = preSolution
		HideSolutionNode = FALSE
	EndGlobalSection
	GlobalSection(ExtensibilityGlobals) = postSolution
		SolutionGuid = {56A4CDA0-C87F-4495-B9EB-B22788E1E952}
	EndGlobalSection
EndGlobal
